
Microsoft Visual Studio Solution File, Format Version 12.00
# Visual Studio Version 17
VisualStudioVersion = 17.13.35828.75 d17.13
MinimumVisualStudioVersion = 10.0.40219.1
Project("{FAE04EC0-301F-11D3-BF4B-00C04F79EFBC}") = "Poster2.API", "Poster2.API.csproj", "{2733C5C9-A2BA-48DE-9190-567E4834FAEE}"
EndProject
Global
	GlobalSection(SolutionConfigurationPlatforms) = preSolution
		Debug|Any CPU = Debug|Any CPU
		Release|Any CPU = Release|Any CPU
	EndGlobalSection
	GlobalSection(ProjectConfigurationPlatforms) = postSolution
		{2733C5C9-A2BA-48DE-9190-567E4834FAEE}.Debug|Any CPU.ActiveCfg = Debug|Any CPU
		{2733C5C9-A2BA-48DE-9190-567E4834FAEE}.Debug|Any CPU.Build.0 = Debug|Any CPU
		{2733C5C9-A2BA-48DE-9190-567E4834FAEE}.Release|Any CPU.ActiveCfg = Release|Any CPU
		{2733C5C9-A2BA-48DE-9190-567E4834FAEE}.Release|Any CPU.Build.0 = Release|Any CPU
	EndGlobalSection
	GlobalSection(SolutionProperties) = preSolution
		HideSolutionNode = FALSE
	EndGlobalSection
	GlobalSection(ExtensibilityGlobals) = postSolution
		SolutionGuid = {CE7AFCDE-CE97-4F7C-8C0F-3C438106594B}
	EndGlobalSection
EndGlobal
